<?xml version="1.0" encoding="utf-8"?>
<Project ToolsVersion="4.0" xmlns="http://schemas.microsoft.com/developer/msbuild/2003">
  <ItemGroup>
    <Filter Include="Source Files">
      <UniqueIdentifier>{2e947482-911f-42a3-9373-a8f71c8f991f}</UniqueIdentifier>
      <Extensions>cpp;c;cxx;rc;def;r;odl;hpj;bat;for;f90</Extensions>
    </Filter>
    <Filter Include="Header Files">
      <UniqueIdentifier>{077c96bb-82c2-467d-81c0-454775709dd9}</UniqueIdentifier>
      <Extensions>h;hpp;hxx;hm;inl;fi;fd</Extensions>
    </Filter>
    <Filter Include="Resource Files">
      <UniqueIdentifier>{1786b1de-ea19-46e8-87e4-71034e387c2f}</UniqueIdentifier>
      <Extensions>ico;cur;bmp;dlg;rc2;rct;bin;cnt;rtf;gif;jpg;jpeg;jpe</Extensions>
    </Filter>
    <Filter Include="CrystalEdit">
      <UniqueIdentifier>{25bb8c2e-8e20-47a5-aa69-fe75907c4200}</UniqueIdentifier>
    </Filter>
  </ItemGroup>
  <ItemGroup>
    <ClCompile Include="6502.cpp">
      <Filter>Source Files</Filter>
    </ClCompile>
    <ClCompile Include="6502Doc.cpp">
      <Filter>Source Files</Filter>
    </ClCompile>
    <ClCompile Include="6502View.cpp">
      <Filter>Source Files</Filter>
    </ClCompile>
    <ClCompile Include="About.cpp">
      <Filter>Source Files</Filter>
    </ClCompile>
    <ClCompile Include="Asm.cpp">
      <Filter>Source Files</Filter>
    </ClCompile>
    <ClCompile Include="AtariBin.cpp">
      <Filter>Source Files</Filter>
    </ClCompile>
    <ClCompile Include="Broadcast.cpp">
      <Filter>Source Files</Filter>
    </ClCompile>
    <ClCompile Include="ChildFrm.cpp">
      <Filter>Source Files</Filter>
    </ClCompile>
    <ClCompile Include="ChildFrmDeAsm.cpp">
      <Filter>Source Files</Filter>
    </ClCompile>
    <ClCompile Include="ColorButton.cpp">
      <Filter>Source Files</Filter>
    </ClCompile>
    <ClCompile Include="ConfigSettings.cpp">
      <Filter>Source Files</Filter>
    </ClCompile>
    <ClCompile Include="CXMultiDocTemplate.cpp">
      <Filter>Source Files</Filter>
    </ClCompile>
    <ClCompile Include="Deasm.cpp">
      <Filter>Source Files</Filter>
    </ClCompile>
    <ClCompile Include="Deasm6502Doc.cpp">
      <Filter>Source Files</Filter>
    </ClCompile>
    <ClCompile Include="Deasm6502View.cpp">
      <Filter>Source Files</Filter>
    </ClCompile>
    <ClCompile Include="DeasmGoto.cpp">
      <Filter>Source Files</Filter>
    </ClCompile>
    <ClCompile Include="DeasmSaveOptions.cpp">
      <Filter>Source Files</Filter>
    </ClCompile>
    <ClCompile Include="DebugInfo.cpp">
      <Filter>Source Files</Filter>
    </ClCompile>
    <ClCompile Include="DialAsmStat.cpp">
      <Filter>Source Files</Filter>
    </ClCompile>
    <ClCompile Include="DialEditBrkp.cpp">
      <Filter>Source Files</Filter>
    </ClCompile>
    <ClCompile Include="DockBarEx.cpp">
      <Filter>Source Files</Filter>
    </ClCompile>
    <ClCompile Include="DrawMarks.cpp">
      <Filter>Source Files</Filter>
    </ClCompile>
    <ClCompile Include="DynamicHelp.cpp">
      <Filter>Source Files</Filter>
    </ClCompile>
    <ClCompile Include="FlatBar.cpp">
      <Filter>Source Files</Filter>
    </ClCompile>
    <ClCompile Include="FormatNums.cpp">
      <Filter>Source Files</Filter>
    </ClCompile>
    <ClCompile Include="Global.cpp">
      <Filter>Source Files</Filter>
    </ClCompile>
    <ClCompile Include="HyperLink.cpp">
      <Filter>Source Files</Filter>
    </ClCompile>
    <ClCompile Include="IdentInfo.cpp">
      <Filter>Source Files</Filter>
    </ClCompile>
    <ClCompile Include="IdentInfoDoc.cpp">
      <Filter>Source Files</Filter>
    </ClCompile>
    <ClCompile Include="IdentInfoFrame.cpp">
      <Filter>Source Files</Filter>
    </ClCompile>
    <ClCompile Include="IdentInfoView.cpp">
      <Filter>Source Files</Filter>
    </ClCompile>
    <ClCompile Include="IntelHex.cpp">
      <Filter>Source Files</Filter>
    </ClCompile>
    <ClCompile Include="IntGenerator.cpp">
      <Filter>Source Files</Filter>
    </ClCompile>
    <ClCompile Include="IntRequestGeneratorDlg.cpp">
      <Filter>Source Files</Filter>
    </ClCompile>
    <ClCompile Include="IOWindow.cpp">
      <Filter>Source Files</Filter>
    </ClCompile>
    <ClCompile Include="LeftBar.cpp">
      <Filter>Source Files</Filter>
    </ClCompile>
    <ClCompile Include="LoadCode.cpp">
      <Filter>Source Files</Filter>
    </ClCompile>
    <ClCompile Include="LoadCodeOptions.cpp">
      <Filter>Source Files</Filter>
    </ClCompile>
    <ClCompile Include="LogBuffer.cpp">
      <Filter>Source Files</Filter>
    </ClCompile>
    <ClCompile Include="LogWindow.cpp">
      <Filter>Source Files</Filter>
    </ClCompile>
    <ClCompile Include="M6502.cpp">
      <Filter>Source Files</Filter>
    </ClCompile>
    <ClCompile Include="MainFrm.cpp">
      <Filter>Source Files</Filter>
    </ClCompile>
    <ClCompile Include="MapFile.cpp">
      <Filter>Source Files</Filter>
    </ClCompile>
    <ClCompile Include="MarkArea.cpp">
      <Filter>Source Files</Filter>
    </ClCompile>
    <ClCompile Include="MemoryChg.cpp">
      <Filter>Source Files</Filter>
    </ClCompile>
    <ClCompile Include="MemoryDC.cpp">
      <Filter>Source Files</Filter>
    </ClCompile>
    <ClCompile Include="MemoryDoc.cpp">
      <Filter>Source Files</Filter>
    </ClCompile>
    <ClCompile Include="MemoryGoto.cpp">
      <Filter>Source Files</Filter>
    </ClCompile>
    <ClCompile Include="MemoryInfo.cpp">
      <Filter>Source Files</Filter>
    </ClCompile>
    <ClCompile Include="MemoryView.cpp">
      <Filter>Source Files</Filter>
    </ClCompile>
    <ClCompile Include="MotorolaSRecord.cpp">
      <Filter>Source Files</Filter>
    </ClCompile>
    <ClCompile Include="Options.cpp">
      <Filter>Source Files</Filter>
    </ClCompile>
    <ClCompile Include="OptionsViewPage.cpp">
      <Filter>Source Files</Filter>
    </ClCompile>
    <ClCompile Include="RegisterBar.cpp">
      <Filter>Source Files</Filter>
    </ClCompile>
    <ClCompile Include="SaveCode.cpp">
      <Filter>Source Files</Filter>
    </ClCompile>
    <ClCompile Include="SaveCodeBlockOptions.cpp">
      <Filter>Source Files</Filter>
    </ClCompile>
    <ClCompile Include="SaveCodeOptions.cpp">
      <Filter>Source Files</Filter>
    </ClCompile>
    <ClCompile Include="Splash.cpp">
      <Filter>Source Files</Filter>
    </ClCompile>
    <ClCompile Include="StackView.cpp">
      <Filter>Source Files</Filter>
    </ClCompile>
    <ClCompile Include="StaticLink.cpp">
      <Filter>Source Files</Filter>
    </ClCompile>
    <ClCompile Include="StdAfx.cpp">
      <Filter>Source Files</Filter>
    </ClCompile>
    <ClCompile Include="Sym6502.cpp">
      <Filter>Source Files</Filter>
    </ClCompile>
    <ClCompile Include="SyntaxExample.cpp">
      <Filter>Source Files</Filter>
    </ClCompile>
    <ClCompile Include="ToolBox.cpp">
      <Filter>Source Files</Filter>
    </ClCompile>
    <ClCompile Include="ZeroPageView.cpp">
      <Filter>Source Files</Filter>
    </ClCompile>
    <ClCompile Include="CrystalEdit\CCrystalEditView.cpp">
      <Filter>CrystalEdit</Filter>
    </ClCompile>
    <ClCompile Include="CrystalEdit\CCrystalTextBuffer.cpp">
      <Filter>CrystalEdit</Filter>
    </ClCompile>
    <ClCompile Include="CrystalEdit\CCrystalTextView.cpp">
      <Filter>CrystalEdit</Filter>
    </ClCompile>
    <ClCompile Include="CrystalEdit\CEditReplaceDlg.cpp">
      <Filter>CrystalEdit</Filter>
    </ClCompile>
    <ClCompile Include="CrystalEdit\CFindTextDlg.cpp">
      <Filter>CrystalEdit</Filter>
    </ClCompile>
    <ClCompile Include="CrystalEdit\Parse6502.cpp">
      <Filter>CrystalEdit</Filter>
    </ClCompile>
  </ItemGroup>
  <ItemGroup>
    <None Include="res\6502.rc2">
      <Filter>Resource Files</Filter>
    </None>
    <None Include="res\link.cur">
      <Filter>Resource Files</Filter>
    </None>
    <None Include="mg_cur.cur">
      <Filter>Resource Files</Filter>
    </None>
    <None Include="CrystalEdit\CCrystalEditView.inl">
      <Filter>CrystalEdit</Filter>
    </None>
    <None Include="CrystalEdit\CCrystalTextBuffer.inl">
      <Filter>CrystalEdit</Filter>
    </None>
    <None Include="CrystalEdit\CCrystalTextView.inl">
      <Filter>CrystalEdit</Filter>
    </None>
  </ItemGroup>
  <ItemGroup>
    <ResourceCompile Include="6502.rc">
      <Filter>Source Files</Filter>
    </ResourceCompile>
  </ItemGroup>
  <ItemGroup>
    <Text Include="ReadMe.txt">
      <Filter>Source Files</Filter>
    </Text>
    <Text Include="res\manifest.txt" />
  </ItemGroup>
  <ItemGroup>
    <ClInclude Include="6502.h">
      <Filter>Header Files</Filter>
    </ClInclude>
    <ClInclude Include="6502Doc.h">
      <Filter>Header Files</Filter>
    </ClInclude>
    <ClInclude Include="6502View.h">
      <Filter>Header Files</Filter>
    </ClInclude>
    <ClInclude Include="About.h">
      <Filter>Header Files</Filter>
    </ClInclude>
    <ClInclude Include="Asm.h">
      <Filter>Header Files</Filter>
    </ClInclude>
    <ClInclude Include="AtariBin.h">
      <Filter>Header Files</Filter>
    </ClInclude>
    <ClInclude Include="Broadcast.h">
      <Filter>Header Files</Filter>
    </ClInclude>
    <ClInclude Include="ChildFrm.h">
      <Filter>Header Files</Filter>
    </ClInclude>
    <ClInclude Include="ChildFrmDeAsm.h">
      <Filter>Header Files</Filter>
    </ClInclude>
    <ClInclude Include="ColorButton.h">
      <Filter>Header Files</Filter>
    </ClInclude>
    <ClInclude Include="ConfigSettings.h">
      <Filter>Header Files</Filter>
    </ClInclude>
    <ClInclude Include="CXMultiDocTemplate.h">
      <Filter>Header Files</Filter>
    </ClInclude>
    <ClInclude Include="Deasm.h">
      <Filter>Header Files</Filter>
    </ClInclude>
    <ClInclude Include="Deasm6502Doc.h">
      <Filter>Header Files</Filter>
    </ClInclude>
    <ClInclude Include="Deasm6502View.h">
      <Filter>Header Files</Filter>
    </ClInclude>
    <ClInclude Include="DeasmGoto.h">
      <Filter>Header Files</Filter>
    </ClInclude>
    <ClInclude Include="DeasmSaveOptions.h">
      <Filter>Header Files</Filter>
    </ClInclude>
    <ClInclude Include="DebugInfo.h">
      <Filter>Header Files</Filter>
    </ClInclude>
    <ClInclude Include="DialAsmStat.h">
      <Filter>Header Files</Filter>
    </ClInclude>
    <ClInclude Include="dialbar.h">
      <Filter>Header Files</Filter>
    </ClInclude>
    <ClInclude Include="DialEditBrkp.h">
      <Filter>Header Files</Filter>
    </ClInclude>
    <ClInclude Include="DockBarEx.h">
      <Filter>Header Files</Filter>
    </ClInclude>
    <ClInclude Include="DrawMarks.h">
      <Filter>Header Files</Filter>
    </ClInclude>
    <ClInclude Include="DynamicHelp.h">
      <Filter>Header Files</Filter>
    </ClInclude>
    <ClInclude Include="FlatBar.h">
      <Filter>Header Files</Filter>
    </ClInclude>
    <ClInclude Include="FormatNums.h">
      <Filter>Header Files</Filter>
    </ClInclude>
    <ClInclude Include="Global.h">
      <Filter>Header Files</Filter>
    </ClInclude>
    <ClInclude Include="HyperLink.h">
      <Filter>Header Files</Filter>
    </ClInclude>
    <ClInclude Include="Ident.h">
      <Filter>Header Files</Filter>
    </ClInclude>
    <ClInclude Include="identinfo.h">
      <Filter>Header Files</Filter>
    </ClInclude>
    <ClInclude Include="IdentInfoDoc.h">
      <Filter>Header Files</Filter>
    </ClInclude>
    <ClInclude Include="IdentInfoFrame.h">
      <Filter>Header Files</Filter>
    </ClInclude>
    <ClInclude Include="IdentInfoView.h">
      <Filter>Header Files</Filter>
    </ClInclude>
    <ClInclude Include="IntelHex.h">
      <Filter>Header Files</Filter>
    </ClInclude>
    <ClInclude Include="IntGenerator.h">
      <Filter>Header Files</Filter>
    </ClInclude>
    <ClInclude Include="IntRequestGeneratorDlg.h">
      <Filter>Header Files</Filter>
    </ClInclude>
    <ClInclude Include="IOWindow.h">
      <Filter>Header Files</Filter>
    </ClInclude>
    <ClInclude Include="LeftBar.h">
      <Filter>Header Files</Filter>
    </ClInclude>
    <ClInclude Include="LoadCode.h">
      <Filter>Header Files</Filter>
    </ClInclude>
    <ClInclude Include="LoadCodeOptions.h">
      <Filter>Header Files</Filter>
    </ClInclude>
    <ClInclude Include="LogBuffer.h">
      <Filter>Header Files</Filter>
    </ClInclude>
    <ClInclude Include="LogWindow.h">
      <Filter>Header Files</Filter>
    </ClInclude>
    <ClInclude Include="M6502.h">
      <Filter>Header Files</Filter>
    </ClInclude>
    <ClInclude Include="MainFrm.h">
      <Filter>Header Files</Filter>
    </ClInclude>
    <ClInclude Include="MapFile.h">
      <Filter>Header Files</Filter>
    </ClInclude>
    <ClInclude Include="MarkArea.h">
      <Filter>Header Files</Filter>
    </ClInclude>
    <ClInclude Include="MemoryChg.h">
      <Filter>Header Files</Filter>
    </ClInclude>
    <ClInclude Include="MemoryDC.h">
      <Filter>Header Files</Filter>
    </ClInclude>
    <ClInclude Include="MemoryDoc.h">
      <Filter>Header Files</Filter>
    </ClInclude>
    <ClInclude Include="MemoryGoto.h">
      <Filter>Header Files</Filter>
    </ClInclude>
    <ClInclude Include="MemoryInfo.h">
      <Filter>Header Files</Filter>
    </ClInclude>
    <ClInclude Include="MemoryView.h">
      <Filter>Header Files</Filter>
    </ClInclude>
    <ClInclude Include="MotorolaSRecord.h">
      <Filter>Header Files</Filter>
    </ClInclude>
    <ClInclude Include="Options.h">
      <Filter>Header Files</Filter>
    </ClInclude>
    <ClInclude Include="OptionsViewPage.h">
      <Filter>Header Files</Filter>
    </ClInclude>
    <ClInclude Include="OutputMem.h">
      <Filter>Header Files</Filter>
    </ClInclude>
    <ClInclude Include="RegisterBar.h">
      <Filter>Header Files</Filter>
    </ClInclude>
    <ClInclude Include="SaveCode.h">
      <Filter>Header Files</Filter>
    </ClInclude>
    <ClInclude Include="SaveCodeBlockOptions.h">
      <Filter>Header Files</Filter>
    </ClInclude>
    <ClInclude Include="SaveCodeOptions.h">
      <Filter>Header Files</Filter>
    </ClInclude>
    <ClInclude Include="Splash.h">
      <Filter>Header Files</Filter>
    </ClInclude>
    <ClInclude Include="StackTemplate.h">
      <Filter>Header Files</Filter>
    </ClInclude>
    <ClInclude Include="StackView.h">
      <Filter>Header Files</Filter>
    </ClInclude>
    <ClInclude Include="StaticLink.h">
      <Filter>Header Files</Filter>
    </ClInclude>
    <ClInclude Include="StdAfx.h">
      <Filter>Header Files</Filter>
    </ClInclude>
    <ClInclude Include="Sym6502.h">
      <Filter>Header Files</Filter>
    </ClInclude>
    <ClInclude Include="SyntaxExample.h">
      <Filter>Header Files</Filter>
    </ClInclude>
    <ClInclude Include="ToolBox.h">
      <Filter>Header Files</Filter>
    </ClInclude>
    <ClInclude Include="ZeroPageView.h">
      <Filter>Header Files</Filter>
    </ClInclude>
    <ClInclude Include="CrystalEdit\CCrystalEditView.h">
      <Filter>CrystalEdit</Filter>
    </ClInclude>
    <ClInclude Include="CrystalEdit\CCrystalTextBuffer.h">
      <Filter>CrystalEdit</Filter>
    </ClInclude>
    <ClInclude Include="CrystalEdit\CCrystalTextView.h">
      <Filter>CrystalEdit</Filter>
    </ClInclude>
    <ClInclude Include="CrystalEdit\cedefs.h">
      <Filter>CrystalEdit</Filter>
    </ClInclude>
    <ClInclude Include="CrystalEdit\CEditReplaceDlg.h">
      <Filter>CrystalEdit</Filter>
    </ClInclude>
    <ClInclude Include="CrystalEdit\CFindTextDlg.h">
      <Filter>CrystalEdit</Filter>
    </ClInclude>
  </ItemGroup>
  <ItemGroup>
    <Image Include="res\6502.ico">
      <Filter>Resource Files</Filter>
    </Image>
    <Image Include="res\6502_source.ico">
      <Filter>Resource Files</Filter>
    </Image>
    <Image Include="res\about.bmp">
      <Filter>Resource Files</Filter>
    </Image>
    <Image Include="res\arrow.ico">
      <Filter>Resource Files</Filter>
    </Image>
    <Image Include="res\bitmap1.bmp">
      <Filter>Resource Files</Filter>
    </Image>
    <Image Include="res\bmp00001.bmp">
      <Filter>Resource Files</Filter>
    </Image>
    <Image Include="res\close_tb.bmp">
      <Filter>Resource Files</Filter>
    </Image>
    <Image Include="res\code.bmp">
      <Filter>Resource Files</Filter>
    </Image>
    <Image Include="res\code1.bmp">
      <Filter>Resource Files</Filter>
    </Image>
    <Image Include="res\debug.bmp">
      <Filter>Resource Files</Filter>
    </Image>
    <Image Include="res\disasm.ico">
      <Filter>Resource Files</Filter>
    </Image>
    <Image Include="res\ident_info.ico">
      <Filter>Resource Files</Filter>
    </Image>
    <Image Include="res\io_window.ico">
      <Filter>Resource Files</Filter>
    </Image>
    <Image Include="res\memory_info.ico">
      <Filter>Resource Files</Filter>
    </Image>
    <Image Include="res\mg_icons.bmp">
      <Filter>Resource Files</Filter>
    </Image>
    <Image Include="res\plytka316.bmp">
      <Filter>Resource Files</Filter>
    </Image>
    <Image Include="res\splash16_en.bmp">
      <Filter>Resource Files</Filter>
    </Image>
    <Image Include="res\splash16_pl.bmp">
      <Filter>Resource Files</Filter>
    </Image>
    <Image Include="res\splash_en.bmp">
      <Filter>Resource Files</Filter>
    </Image>
    <Image Include="res\splash_pl.bmp">
      <Filter>Resource Files</Filter>
    </Image>
    <Image Include="res\Toolbar.bmp">
      <Filter>Resource Files</Filter>
    </Image>
  </ItemGroup>
  <ItemGroup>
    <CustomBuild Include="hlp\6502.hpj">
      <Filter>Source Files</Filter>
    </CustomBuild>
  </ItemGroup>
</Project>